
Microsoft Visual Studio Solution File, Format Version 12.00
# Visual Studio 14
VisualStudioVersion = 14.0.25420.1
MinimumVisualStudioVersion = 10.0.40219.1
Project("{FAE04EC0-301F-11D3-BF4B-00C04F79EFBC}") = "NuGet.Upload", "src\Nuget.Upload\NuGet.Upload.csproj", "{ED5803ED-58AC-49EA-B05B-1A5489AC4488}"
EndProject
Project("{FAE04EC0-301F-11D3-BF4B-00C04F79EFBC}") = "NuGet.Upload.Tests", "src\Nuget.Upload.Tests\NuGet.Upload.Tests.csproj", "{4BE890D7-9E34-4B48-8161-31A3332D8F69}"
EndProject
Project("{2150E333-8FDC-42A3-9474-1A3956D46DE8}") = "Solution Items", "Solution Items", "{A7E1563F-7644-4A95-B18A-0595BE51A383}"
	ProjectSection(SolutionItems) = preProject
		AssemblyVersion.cs = AssemblyVersion.cs
		readme.md = readme.md
	EndProjectSection
EndProject
Project("{54435603-DBB4-11D2-8724-00A0C9A8B90C}") = "NuGet.Upload.Setup", "src\NuGet.Upload.Setup\NuGet.Upload.Setup.vdproj", "{19FB3DCB-CC7A-480D-97AE-1B569AA282B1}"
EndProject
Project("{2150E333-8FDC-42A3-9474-1A3956D46DE8}") = "Choco", "Choco", "{6B295E32-7D11-40D8-9A7E-C30F586B8855}"
	ProjectSection(SolutionItems) = preProject
		src\Nuget.Upload.Choco\nugetupload.nuspec = src\Nuget.Upload.Choco\nugetupload.nuspec
	EndProjectSection
EndProject
Project("{2150E333-8FDC-42A3-9474-1A3956D46DE8}") = "Tools", "Tools", "{FC0DAFB0-BFB8-4D84-85B4-98199C46F100}"
	ProjectSection(SolutionItems) = preProject
		src\Nuget.Upload.Choco\tools\chocolateyInstall.ps1 = src\Nuget.Upload.Choco\tools\chocolateyInstall.ps1
		src\Nuget.Upload.Choco\tools\chocolateyUninstall.ps1 = src\Nuget.Upload.Choco\tools\chocolateyUninstall.ps1
	EndProjectSection
EndProject
Global
	GlobalSection(SolutionConfigurationPlatforms) = preSolution
		Debug|Any CPU = Debug|Any CPU
		Release|Any CPU = Release|Any CPU
	EndGlobalSection
	GlobalSection(ProjectConfigurationPlatforms) = postSolution
		{ED5803ED-58AC-49EA-B05B-1A5489AC4488}.Debug|Any CPU.ActiveCfg = Debug|Any CPU
		{ED5803ED-58AC-49EA-B05B-1A5489AC4488}.Debug|Any CPU.Build.0 = Debug|Any CPU
		{ED5803ED-58AC-49EA-B05B-1A5489AC4488}.Release|Any CPU.ActiveCfg = Release|Any CPU
		{ED5803ED-58AC-49EA-B05B-1A5489AC4488}.Release|Any CPU.Build.0 = Release|Any CPU
		{4BE890D7-9E34-4B48-8161-31A3332D8F69}.Debug|Any CPU.ActiveCfg = Debug|Any CPU
		{4BE890D7-9E34-4B48-8161-31A3332D8F69}.Debug|Any CPU.Build.0 = Debug|Any CPU
		{4BE890D7-9E34-4B48-8161-31A3332D8F69}.Release|Any CPU.ActiveCfg = Release|Any CPU
		{4BE890D7-9E34-4B48-8161-31A3332D8F69}.Release|Any CPU.Build.0 = Release|Any CPU
		{19FB3DCB-CC7A-480D-97AE-1B569AA282B1}.Debug|Any CPU.ActiveCfg = Debug
		{19FB3DCB-CC7A-480D-97AE-1B569AA282B1}.Release|Any CPU.ActiveCfg = Release
		{19FB3DCB-CC7A-480D-97AE-1B569AA282B1}.Release|Any CPU.Build.0 = Release
	EndGlobalSection
	GlobalSection(SolutionProperties) = preSolution
		HideSolutionNode = FALSE
	EndGlobalSection
	GlobalSection(NestedProjects) = preSolution
		{FC0DAFB0-BFB8-4D84-85B4-98199C46F100} = {6B295E32-7D11-40D8-9A7E-C30F586B8855}
	EndGlobalSection
EndGlobal
